// !$*UTF8*$!
{
	archiveVersion = 1;
	classes = {
	};
	objectVersion = 56;
	objects = {

/* Begin PBXBuildFile section */
		8FAB8E2BEBE1B70C11116E28 /* Pods_Quizzler.framework in Frameworks */ = {isa = PBXBuildFile; fileRef = 652665F3D57A7210F738D210 /* Pods_Quizzler.framework */; };
		EB02651729E40C38003E22A4 /* Data.swift in Sources */ = {isa = PBXBuildFile; fileRef = EB02651629E40C38003E22A4 /* Data.swift */; };
		EB9CBD3529E3EACB00D716CA /* AppDelegate.swift in Sources */ = {isa = PBXBuildFile; fileRef = EB9CBD3429E3EACB00D716CA /* AppDelegate.swift */; };
		EB9CBD3729E3EACB00D716CA /* SceneDelegate.swift in Sources */ = {isa = PBXBuildFile; fileRef = EB9CBD3629E3EACB00D716CA /* SceneDelegate.swift */; };
		EB9CBD3929E3EACB00D716CA /* ViewController.swift in Sources */ = {isa = PBXBuildFile; fileRef = EB9CBD3829E3EACB00D716CA /* ViewController.swift */; };
		EB9CBD3E29E3EACB00D716CA /* Assets.xcassets in Resources */ = {isa = PBXBuildFile; fileRef = EB9CBD3D29E3EACB00D716CA /* Assets.xcassets */; };
		EB9CBD4129E3EACB00D716CA /* LaunchScreen.storyboard in Resources */ = {isa = PBXBuildFile; fileRef = EB9CBD3F29E3EACB00D716CA /* LaunchScreen.storyboard */; };
/* End PBXBuildFile section */

/* Begin PBXFileReference section */
		3C707692410DB0621CCF57E7 /* Pods-Quizzler.debug.xcconfig */ = {isa = PBXFileReference; includeInIndex = 1; lastKnownFileType = text.xcconfig; name = "Pods-Quizzler.debug.xcconfig"; path = "Target Support Files/Pods-Quizzler/Pods-Quizzler.debug.xcconfig"; sourceTree = "<group>"; };
		652665F3D57A7210F738D210 /* Pods_Quizzler.framework */ = {isa = PBXFileReference; explicitFileType = wrapper.framework; includeInIndex = 0; path = Pods_Quizzler.framework; sourceTree = BUILT_PRODUCTS_DIR; };
		D8426047F998136F1BAB1195 /* Pods-Quizzler.release.xcconfig */ = {isa = PBXFileReference; includeInIndex = 1; lastKnownFileType = text.xcconfig; name = "Pods-Quizzler.release.xcconfig"; path = "Target Support Files/Pods-Quizzler/Pods-Quizzler.release.xcconfig"; sourceTree = "<group>"; };
		EB02651629E40C38003E22A4 /* Data.swift */ = {isa = PBXFileReference; lastKnownFileType = sourcecode.swift; path = Data.swift; sourceTree = "<group>"; };
		EB9CBD3129E3EACB00D716CA /* Quizzler.app */ = {isa = PBXFileReference; explicitFileType = wrapper.application; includeInIndex = 0; path = Quizzler.app; sourceTree = BUILT_PRODUCTS_DIR; };
		EB9CBD3429E3EACB00D716CA /* AppDelegate.swift */ = {isa = PBXFileReference; lastKnownFileType = sourcecode.swift; path = AppDelegate.swift; sourceTree = "<group>"; };
		EB9CBD3629E3EACB00D716CA /* SceneDelegate.swift */ = {isa = PBXFileReference; lastKnownFileType = sourcecode.swift; path = SceneDelegate.swift; sourceTree = "<group>"; };
		EB9CBD3829E3EACB00D716CA /* ViewController.swift */ = {isa = PBXFileReference; lastKnownFileType = sourcecode.swift; path = ViewController.swift; sourceTree = "<group>"; };
		EB9CBD3D29E3EACB00D716CA /* Assets.xcassets */ = {isa = PBXFileReference; lastKnownFileType = folder.assetcatalog; path = Assets.xcassets; sourceTree = "<group>"; };
		EB9CBD4029E3EACB00D716CA /* Base */ = {isa = PBXFileReference; lastKnownFileType = file.storyboard; name = Base; path = Base.lproj/LaunchScreen.storyboard; sourceTree = "<group>"; };
		EB9CBD4229E3EACB00D716CA /* Info.plist */ = {isa = PBXFileReference; lastKnownFileType = text.plist.xml; path = Info.plist; sourceTree = "<group>"; };
/* End PBXFileReference section */

/* Begin PBXFrameworksBuildPhase section */
		EB9CBD2E29E3EACB00D716CA /* Frameworks */ = {
			isa = PBXFrameworksBuildPhase;
			buildActionMask = 2147483647;
			files = (
				8FAB8E2BEBE1B70C11116E28 /* Pods_Quizzler.framework in Frameworks */,
			);
			runOnlyForDeploymentPostprocessing = 0;
		};
/* End PBXFrameworksBuildPhase section */

/* Begin PBXGroup section */
		4F6648AB30D7B9963D9636D8 /* Pods */ = {
			isa = PBXGroup;
			children = (
				3C707692410DB0621CCF57E7 /* Pods-Quizzler.debug.xcconfig */,
				D8426047F998136F1BAB1195 /* Pods-Quizzler.release.xcconfig */,
			);
			path = Pods;
			sourceTree = "<group>";
		};
		86D0A2ACBB6B40E4BE8592DA /* Frameworks */ = {
			isa = PBXGroup;
			children = (
				652665F3D57A7210F738D210 /* Pods_Quizzler.framework */,
			);
			name = Frameworks;
			sourceTree = "<group>";
		};
		EB9CBD2829E3EACB00D716CA = {
			isa = PBXGroup;
			children = (
				EB9CBD3329E3EACB00D716CA /* Quizzler */,
				EB9CBD3229E3EACB00D716CA /* Products */,
				4F6648AB30D7B9963D9636D8 /* Pods */,
				86D0A2ACBB6B40E4BE8592DA /* Frameworks */,
			);
			sourceTree = "<group>";
		};
		EB9CBD3229E3EACB00D716CA /* Products */ = {
			isa = PBXGroup;
			children = (
				EB9CBD3129E3EACB00D716CA /* Quizzler.app */,
			);
			name = Products;
			sourceTree = "<group>";
		};
		EB9CBD3329E3EACB00D716CA /* Quizzler */ = {
			isa = PBXGroup;
			children = (
				EB9CBD3429E3EACB00D716CA /* AppDelegate.swift */,
				EB9CBD3629E3EACB00D716CA /* SceneDelegate.swift */,
				EB9CBD3829E3EACB00D716CA /* ViewController.swift */,
				EB02651629E40C38003E22A4 /* Data.swift */,
				EB9CBD3D29E3EACB00D716CA /* Assets.xcassets */,
				EB9CBD3F29E3EACB00D716CA /* LaunchScreen.storyboard */,
				EB9CBD4229E3EACB00D716CA /* Info.plist */,
			);
			path = Quizzler;
			sourceTree = "<group>";
		};
/* End PBXGroup section */

/* Begin PBXNativeTarget section */
		EB9CBD3029E3EACB00D716CA /* Quizzler */ = {
			isa = PBXNativeTarget;
			buildConfigurationList = EB9CBD4529E3EACB00D716CA /* Build configuration list for PBXNativeTarget "Quizzler" */;
			buildPhases = (
				6871611D531D5EFA2AA5FE33 /* [CP] Check Pods Manifest.lock */,
				EB9CBD2D29E3EACB00D716CA /* Sources */,
				EB9CBD2E29E3EACB00D716CA /* Frameworks */,
				EB9CBD2F29E3EACB00D716CA /* Resources */,
				F5F622364FEC5BF36EDF046D /* [CP] Embed Pods Frameworks */,
			);
			buildRules = (
			);
			dependencies = (
			);
			name = Quizzler;
			productName = Quizzler;
			productReference = EB9CBD3129E3EACB00D716CA /* Quizzler.app */;
			productType = "com.apple.product-type.application";
		};
/* End PBXNativeTarget section */

/* Begin PBXProject section */
		EB9CBD2929E3EACB00D716CA /* Project object */ = {
			isa = PBXProject;
			attributes = {
				BuildIndependentTargetsInParallel = 1;
				LastSwiftUpdateCheck = 1430;
				LastUpgradeCheck = 1430;
				TargetAttributes = {
					EB9CBD3029E3EACB00D716CA = {
						CreatedOnToolsVersion = 14.3;
					};
				};
			};
			buildConfigurationList = EB9CBD2C29E3EACB00D716CA /* Build configuration list for PBXProject "Quizzler" */;
			compatibilityVersion = "Xcode 14.0";
			developmentRegion = en;
			hasScannedForEncodings = 0;
			knownRegions = (
				en,
				Base,
			);
			mainGroup = EB9CBD2829E3EACB00D716CA;
			productRefGroup = EB9CBD3229E3EACB00D716CA /* Products */;
			projectDirPath = "";
			projectRoot = "";
			targets = (
				EB9CBD3029E3EACB00D716CA /* Quizzler */,
			);
		};
/* End PBXProject section */

/* Begin PBXResourcesBuildPhase section */
		EB9CBD2F29E3EACB00D716CA /* Resources */ = {
			isa = PBXResourcesBuildPhase;
			buildActionMask = 2147483647;
			files = (
				EB9CBD4129E3EACB00D716CA /* LaunchScreen.storyboard in Resources */,
				EB9CBD3E29E3EACB00D716CA /* Assets.xcassets in Resources */,
			);
			runOnlyForDeploymentPostprocessing = 0;
		};
/* End PBXResourcesBuildPhase section */

/* Begin PBXShellScriptBuildPhase section */
		6871611D531D5EFA2AA5FE33 /* [CP] Check Pods Manifest.lock */ = {
			isa = PBXShellScriptBuildPhase;
			buildActionMask = 2147483647;
			files = (
			);
			inputFileListPaths = (
			);
			inputPaths = (
				"${PODS_PODFILE_DIR_PATH}/Podfile.lock",
				"${PODS_ROOT}/Manifest.lock",
			);
			name = "[CP] Check Pods Manifest.lock";
			outputFileListPaths = (
			);
			outputPaths = (
				"$(DERIVED_FILE_DIR)/Pods-Quizzler-checkManifestLockResult.txt",
			);
			runOnlyForDeploymentPostprocessing = 0;
			shellPath = /bin/sh;
			shellScript = "diff \"${PODS_PODFILE_DIR_PATH}/Podfile.lock\" \"${PODS_ROOT}/Manifest.lock\" > /dev/null\nif [ $? != 0 ] ; then\n    # print error to STDERR\n    echo \"error: The sandbox is not in sync with the Podfile.lock. Run 'pod install' or update your CocoaPods installation.\" >&2\n    exit 1\nfi\n# This output is used by Xcode 'outputs' to avoid re-running this script phase.\necho \"SUCCESS\" > \"${SCRIPT_OUTPUT_FILE_0}\"\n";
			showEnvVarsInLog = 0;
		};
		F5F622364FEC5BF36EDF046D /* [CP] Embed Pods Frameworks */ = {
			isa = PBXShellScriptBuildPhase;
			buildActionMask = 2147483647;
			files = (
			);
			inputFileListPaths = (
				"${PODS_ROOT}/Target Support Files/Pods-Quizzler/Pods-Quizzler-frameworks-${CONFIGURATION}-input-files.xcfilelist",
			);
			name = "[CP] Embed Pods Frameworks";
			outputFileListPaths = (
				"${PODS_ROOT}/Target Support Files/Pods-Quizzler/Pods-Quizzler-frameworks-${CONFIGURATION}-output-files.xcfilelist",
			);
			runOnlyForDeploymentPostprocessing = 0;
			shellPath = /bin/sh;
			shellScript = "\"${PODS_ROOT}/Target Support Files/Pods-Quizzler/Pods-Quizzler-frameworks.sh\"\n";
			showEnvVarsInLog = 0;
		};
/* End PBXShellScriptBuildPhase section */

/* Begin PBXSourcesBuildPhase section */
		EB9CBD2D29E3EACB00D716CA /* Sources */ = {
			isa = PBXSourcesBuildPhase;
			buildActionMask = 2147483647;
			files = (
				EB02651729E40C38003E22A4 /* Data.swift in Sources */,
				EB9CBD3929E3EACB00D716CA /* ViewController.swift in Sources */,
				EB9CBD3529E3EACB00D716CA /* AppDelegate.swift in Sources */,
				EB9CBD3729E3EACB00D716CA /* SceneDelegate.swift in Sources */,
			);
			runOnlyForDeploymentPostprocessing = 0;
		};
/* End PBXSourcesBuildPhase section */

/* Begin PBXVariantGroup section */
		EB9CBD3F29E3EACB00D716CA /* LaunchScreen.storyboard */ = {
			isa = PBXVariantGroup;
			children = (
				EB9CBD4029E3EACB00D716CA /* Base */,
			);
			name = LaunchScreen.storyboard;
			sourceTree = "<group>";
		};
/* End PBXVariantGroup section */

/* Begin XCBuildConfiguration section */
		EB9CBD4329E3EACB00D716CA /* Debug */ = {
			isa = XCBuildConfiguration;
			buildSettings = {
				ALWAYS_SEARCH_USER_PATHS = NO;
				CLANG_ANALYZER_NONNULL = YES;
				CLANG_ANALYZER_NUMBER_OBJECT_CONVERSION = YES_AGGRESSIVE;
				CLANG_CXX_LANGUAGE_STANDARD = "gnu++20";
				CLANG_ENABLE_MODULES = YES;
				CLANG_ENABLE_OBJC_ARC = YES;
				CLANG_ENABLE_OBJC_WEAK = YES;
				CLANG_WARN_BLOCK_CAPTURE_AUTORELEASING = YES;
				CLANG_WARN_BOOL_CONVERSION = YES;
				CLANG_WARN_COMMA = YES;
				CLANG_WARN_CONSTANT_CONVERSION = YES;
				CLANG_WARN_DEPRECATED_OBJC_IMPLEMENTATIONS = YES;
				CLANG_WARN_DIRECT_OBJC_ISA_USAGE = YES_ERROR;
				CLANG_WARN_DOCUMENTATION_COMMENTS = YES;
				CLANG_WARN_EMPTY_BODY = YES;
				CLANG_WARN_ENUM_CONVERSION = YES;
				CLANG_WARN_INFINITE_RECURSION = YES;
				CLANG_WARN_INT_CONVERSION = YES;
				CLANG_WARN_NON_LITERAL_NULL_CONVERSION = YES;
				CLANG_WARN_OBJC_IMPLICIT_RETAIN_SELF = YES;
				CLANG_WARN_OBJC_LITERAL_CONVERSION = YES;
				CLANG_WARN_OBJC_ROOT_CLASS = YES_ERROR;
				CLANG_WARN_QUOTED_INCLUDE_IN_FRAMEWORK_HEADER = YES;
				CLANG_WARN_RANGE_LOOP_ANALYSIS = YES;
				CLANG_WARN_STRICT_PROTOTYPES = YES;
				CLANG_WARN_SUSPICIOUS_MOVE = YES;
				CLANG_WARN_UNGUARDED_AVAILABILITY = YES_AGGRESSIVE;
				CLANG_WARN_UNREACHABLE_CODE = YES;
				CLANG_WARN__DUPLICATE_METHOD_MATCH = YES;
				COPY_PHASE_STRIP = NO;
				DEBUG_INFORMATION_FORMAT = dwarf;
				ENABLE_STRICT_OBJC_MSGSEND = YES;
				ENABLE_TESTABILITY = YES;
				GCC_C_LANGUAGE_STANDARD = gnu11;
				GCC_DYNAMIC_NO_PIC = NO;
				GCC_NO_COMMON_BLOCKS = YES;
				GCC_OPTIMIZATION_LEVEL = 0;
				GCC_PREPROCESSOR_DEFINITIONS = (
					"DEBUG=1",
					"$(inherited)",
				);
				GCC_WARN_64_TO_32_BIT_CONVERSION = YES;
				GCC_WARN_ABOUT_RETURN_TYPE = YES_ERROR;
				GCC_WARN_UNDECLARED_SELECTOR = YES;
				GCC_WARN_UNINITIALIZED_AUTOS = YES_AGGRESSIVE;
				GCC_WARN_UNUSED_FUNCTION = YES;
				GCC_WARN_UNUSED_VARIABLE = YES;
				IPHONEOS_DEPLOYMENT_TARGET = 16.4;
				MTL_ENABLE_DEBUG_INFO = INCLUDE_SOURCE;
				MTL_FAST_MATH = YES;
				ONLY_ACTIVE_ARCH = YES;
				SDKROOT = iphoneos;
				SWIFT_ACTIVE_COMPILATION_CONDITIONS = DEBUG;
				SWIFT_OPTIMIZATION_LEVEL = "-Onone";
			};
			name = Debug;
		};
		EB9CBD4429E3EACB00D716CA /* Release */ = {
			isa = XCBuildConfiguration;
			buildSettings = {
				ALWAYS_SEARCH_USER_PATHS = NO;
				CLANG_ANALYZER_NONNULL = YES;
				CLANG_ANALYZER_NUMBER_OBJECT_CONVERSION = YES_AGGRESSIVE;
				CLANG_CXX_LANGUAGE_STANDARD = "gnu++20";
				CLANG_ENABLE_MODULES = YES;
				CLANG_ENABLE_OBJC_ARC = YES;
				CLANG_ENABLE_OBJC_WEAK = YES;
				CLANG_WARN_BLOCK_CAPTURE_AUTORELEASING = YES;
				CLANG_WARN_BOOL_CONVERSION = YES;
				CLANG_WARN_COMMA = YES;
				CLANG_WARN_CONSTANT_CONVERSION = YES;
				CLANG_WARN_DEPRECATED_OBJC_IMPLEMENTATIONS = YES;
				CLANG_WARN_DIRECT_OBJC_ISA_USAGE = YES_ERROR;
				CLANG_WARN_DOCUMENTATION_COMMENTS = YES;
				CLANG_WARN_EMPTY_BODY = YES;
				CLANG_WARN_ENUM_CONVERSION = YES;
				CLANG_WARN_INFINITE_RECURSION = YES;
				CLANG_WARN_INT_CONVERSION = YES;
				CLANG_WARN_NON_LITERAL_NULL_CONVERSION = YES;
				CLANG_WARN_OBJC_IMPLICIT_RETAIN_SELF = YES;
				CLANG_WARN_OBJC_LITERAL_CONVERSION = YES;
				CLANG_WARN_OBJC_ROOT_CLASS = YES_ERROR;
				CLANG_WARN_QUOTED_INCLUDE_IN_FRAMEWORK_HEADER = YES;
				CLANG_WARN_RANGE_LOOP_ANALYSIS = YES;
				CLANG_WARN_STRICT_PROTOTYPES = YES;
				CLANG_WARN_SUSPICIOUS_MOVE = YES;
				CLANG_WARN_UNGUARDED_AVAILABILITY = YES_AGGRESSIVE;
				CLANG_WARN_UNREACHABLE_CODE = YES;
				CLANG_WARN__DUPLICATE_METHOD_MATCH = YES;
				COPY_PHASE_STRIP = NO;
				DEBUG_INFORMATION_FORMAT = "dwarf-with-dsym";
				ENABLE_NS_ASSERTIONS = NO;
				ENABLE_STRICT_OBJC_MSGSEND = YES;
				GCC_C_LANGUAGE_STANDARD = gnu11;
				GCC_NO_COMMON_BLOCKS = YES;
				GCC_WARN_64_TO_32_BIT_CONVERSION = YES;
				GCC_WARN_ABOUT_RETURN_TYPE = YES_ERROR;
				GCC_WARN_UNDECLARED_SELECTOR = YES;
				GCC_WARN_UNINITIALIZED_AUTOS = YES_AGGRESSIVE;
				GCC_WARN_UNUSED_FUNCTION = YES;
				GCC_WARN_UNUSED_VARIABLE = YES;
				IPHONEOS_DEPLOYMENT_TARGET = 16.4;
				MTL_ENABLE_DEBUG_INFO = NO;
				MTL_FAST_MATH = YES;
				SDKROOT = iphoneos;
				SWIFT_COMPILATION_MODE = wholemodule;
				SWIFT_OPTIMIZATION_LEVEL = "-O";
				VALIDATE_PRODUCT = YES;
			};
			name = Release;
		};
		EB9CBD4629E3EACB00D716CA /* Debug */ = {
			isa = XCBuildConfiguration;
			baseConfigurationReference = 3C707692410DB0621CCF57E7 /* Pods-Quizzler.debug.xcconfig */;
			buildSettings = {
				ASSETCATALOG_COMPILER_APPICON_NAME = AppIcon;
				ASSETCATALOG_COMPILER_GLOBAL_ACCENT_COLOR_NAME = AccentColor;
				CODE_SIGN_STYLE = Automatic;
				CURRENT_PROJECT_VERSION = 1;
				DEVELOPMENT_TEAM = 9444ZC259H;
				GENERATE_INFOPLIST_FILE = YES;
				INFOPLIST_FILE = Quizzler/Info.plist;
				INFOPLIST_KEY_UIApplicationSupportsIndirectInputEvents = YES;
				INFOPLIST_KEY_UILaunchStoryboardName = LaunchScreen;
				INFOPLIST_KEY_UISupportedInterfaceOrientations_iPad = "UIInterfaceOrientationPortrait UIInterfaceOrientationPortraitUpsideDown UIInterfaceOrientationLandscapeLeft UIInterfaceOrientationLandscapeRight";
				INFOPLIST_KEY_UISupportedInterfaceOrientations_iPhone = "UIInterfaceOrientationPortrait UIInterfaceOrientationLandscapeLeft UIInterfaceOrientationLandscapeRight";
				LD_RUNPATH_SEARCH_PATHS = (
					"$(inherited)",
					"@executable_path/Frameworks",
				);
				MARKETING_VERSION = 1.0;
				PRODUCT_BUNDLE_IDENTIFIER = myself.Quizzler;
				PRODUCT_NAME = "$(TARGET_NAME)";
				SWIFT_EMIT_LOC_STRINGS = YES;
				SWIFT_VERSION = 5.0;
				TARGETED_DEVICE_FAMILY = "1,2";
			};
			name = Debug;
		};
		EB9CBD4729E3EACB00D716CA /* Release */ = {
			isa = XCBuildConfiguration;
			baseConfigurationReference = D8426047F998136F1BAB1195 /* Pods-Quizzler.release.xcconfig */;
			buildSettings = {
				ASSETCATALOG_COMPILER_APPICON_NAME = AppIcon;
				ASSETCATALOG_COMPILER_GLOBAL_ACCENT_COLOR_NAME = AccentColor;
				CODE_SIGN_STYLE = Automatic;
				CURRENT_PROJECT_VERSION = 1;
				DEVELOPMENT_TEAM = 9444ZC259H;
				GENERATE_INFOPLIST_FILE = YES;
				INFOPLIST_FILE = Quizzler/Info.plist;
				INFOPLIST_KEY_UIApplicationSupportsIndirectInputEvents = YES;
				INFOPLIST_KEY_UILaunchStoryboardName = LaunchScreen;
				INFOPLIST_KEY_UISupportedInterfaceOrientations_iPad = "UIInterfaceOrientationPortrait UIInterfaceOrientationPortraitUpsideDown UIInterfaceOrientationLandscapeLeft UIInterfaceOrientationLandscapeRight";
				INFOPLIST_KEY_UISupportedInterfaceOrientations_iPhone = "UIInterfaceOrientationPortrait UIInterfaceOrientationLandscapeLeft UIInterfaceOrientationLandscapeRight";
				LD_RUNPATH_SEARCH_PATHS = (
					"$(inherited)",
					"@executable_path/Frameworks",
				);
				MARKETING_VERSION = 1.0;
				PRODUCT_BUNDLE_IDENTIFIER = myself.Quizzler;
				PRODUCT_NAME = "$(TARGET_NAME)";
				SWIFT_EMIT_LOC_STRINGS = YES;
				SWIFT_VERSION = 5.0;
				TARGETED_DEVICE_FAMILY = "1,2";
			};
			name = Release;
		};
/* End XCBuildConfiguration section */

/* Begin XCConfigurationList section */
		EB9CBD2C29E3EACB00D716CA /* Build configuration list for PBXProject "Quizzler" */ = {
			isa = XCConfigurationList;
			buildConfigurations = (
				EB9CBD4329E3EACB00D716CA /* Debug */,
				EB9CBD4429E3EACB00D716CA /* Release */,
			);
			defaultConfigurationIsVisible = 0;
			defaultConfigurationName = Release;
		};
		EB9CBD4529E3EACB00D716CA /* Build configuration list for PBXNativeTarget "Quizzler" */ = {
			isa = XCConfigurationList;
			buildConfigurations = (
				EB9CBD4629E3EACB00D716CA /* Debug */,
				EB9CBD4729E3EACB00D716CA /* Release */,
			);
			defaultConfigurationIsVisible = 0;
			defaultConfigurationName = Release;
		};
/* End XCConfigurationList section */
	};
	rootObject = EB9CBD2929E3EACB00D716CA /* Project object */;
}
